
Microsoft Visual Studio Solution File, Format Version 11.00
# Visual Studio 2010
Project("{8BC9CEB8-8B4A-11D0-8D11-00A0C91BC942}") = "1082", "1082.vcxproj", "{D5835540-E5A4-8D3E-3A3C-4B66C8C59E3E}"
	ProjectSection(ProjectDependencies) = postProject
		{FFD8BD52-0A20-ED8D-B1AB-E14E94557F4C} = {FFD8BD52-0A20-ED8D-B1AB-E14E94557F4C}
	EndProjectSection
EndProject
Project("{8BC9CEB8-8B4A-11D0-8D11-00A0C91BC942}") = "LoadExtDllDlg", "LoadExtDllDlg\LoadExtDllDlg.vcxproj", "{FFD8BD52-0A20-ED8D-B1AB-E14E94557F4C}"
EndProject
Global
	GlobalSection(SolutionConfigurationPlatforms) = preSolution
		Debug|Win32 = Debug|Win32
		Release|Win32 = Release|Win32
		Template|Win32 = Template|Win32
	EndGlobalSection
	GlobalSection(ProjectConfigurationPlatforms) = postSolution
		{D5835540-E5A4-8D3E-3A3C-4B66C8C59E3E}.Debug|Win32.ActiveCfg = Debug|Win32
		{D5835540-E5A4-8D3E-3A3C-4B66C8C59E3E}.Debug|Win32.Build.0 = Debug|Win32
		{D5835540-E5A4-8D3E-3A3C-4B66C8C59E3E}.Release|Win32.ActiveCfg = Release|Win32
		{D5835540-E5A4-8D3E-3A3C-4B66C8C59E3E}.Release|Win32.Build.0 = Release|Win32
		{D5835540-E5A4-8D3E-3A3C-4B66C8C59E3E}.Template|Win32.ActiveCfg = Release|Win32
		{D5835540-E5A4-8D3E-3A3C-4B66C8C59E3E}.Template|Win32.Build.0 = Release|Win32
		{FFD8BD52-0A20-ED8D-B1AB-E14E94557F4C}.Debug|Win32.ActiveCfg = Debug|Win32
		{FFD8BD52-0A20-ED8D-B1AB-E14E94557F4C}.Debug|Win32.Build.0 = Debug|Win32
		{FFD8BD52-0A20-ED8D-B1AB-E14E94557F4C}.Release|Win32.ActiveCfg = Release|Win32
		{FFD8BD52-0A20-ED8D-B1AB-E14E94557F4C}.Release|Win32.Build.0 = Release|Win32
		{FFD8BD52-0A20-ED8D-B1AB-E14E94557F4C}.Template|Win32.ActiveCfg = Template|Win32
		{FFD8BD52-0A20-ED8D-B1AB-E14E94557F4C}.Template|Win32.Build.0 = Template|Win32
	EndGlobalSection
	GlobalSection(SolutionProperties) = preSolution
		HideSolutionNode = FALSE
	EndGlobalSection
EndGlobal
