
Microsoft Visual Studio Solution File, Format Version 11.00
# Visual Studio 2010
Project("{8BC9CEB8-8B4A-11D0-8D11-00A0C91BC942}") = "code reuse_1", "code reuse_1\code reuse_1.vcxproj", "{4345F75A-701B-4F5F-8524-5AC2CB959A19}"
EndProject
Global
	GlobalSection(SolutionConfigurationPlatforms) = preSolution
		Debug|Win32 = Debug|Win32
		Release|Win32 = Release|Win32
	EndGlobalSection
	GlobalSection(ProjectConfigurationPlatforms) = postSolution
		{4345F75A-701B-4F5F-8524-5AC2CB959A19}.Debug|Win32.ActiveCfg = Debug|Win32
		{4345F75A-701B-4F5F-8524-5AC2CB959A19}.Debug|Win32.Build.0 = Debug|Win32
		{4345F75A-701B-4F5F-8524-5AC2CB959A19}.Release|Win32.ActiveCfg = Release|Win32
		{4345F75A-701B-4F5F-8524-5AC2CB959A19}.Release|Win32.Build.0 = Release|Win32
	EndGlobalSection
	GlobalSection(SolutionProperties) = preSolution
		HideSolutionNode = FALSE
	EndGlobalSection
EndGlobal
