
Microsoft Visual Studio Solution File, Format Version 11.00
# Visual Studio 2010
Project("{8BC9CEB8-8B4A-11D0-8D11-00A0C91BC942}") = "1043", "1043.vcxproj", "{AEACE7CF-CED5-9F3B-EC69-5C5EFD9DB2A3}"
EndProject
Global
	GlobalSection(SolutionConfigurationPlatforms) = preSolution
		Debug|Win32 = Debug|Win32
		Release|Win32 = Release|Win32
	EndGlobalSection
	GlobalSection(ProjectConfigurationPlatforms) = postSolution
		{AEACE7CF-CED5-9F3B-EC69-5C5EFD9DB2A3}.Debug|Win32.ActiveCfg = Debug|Win32
		{AEACE7CF-CED5-9F3B-EC69-5C5EFD9DB2A3}.Debug|Win32.Build.0 = Debug|Win32
		{AEACE7CF-CED5-9F3B-EC69-5C5EFD9DB2A3}.Release|Win32.ActiveCfg = Release|Win32
		{AEACE7CF-CED5-9F3B-EC69-5C5EFD9DB2A3}.Release|Win32.Build.0 = Release|Win32
	EndGlobalSection
	GlobalSection(SolutionProperties) = preSolution
		HideSolutionNode = FALSE
	EndGlobalSection
EndGlobal
